<Solution>
  <Folder Name="/samples/">
    <Project Path="samples/MyApp.Data/MyApp.Data.csproj" />
  </Folder>
  <Folder Name="/Solution Items/">
    <File Path=".gitattributes" />
    <File Path=".gitignore" />
    <File Path="Directory.Build.props" />
    <File Path="nuget.config" />
    <File Path="README.md" />
    <File Path="TODO.md" />
  </Folder>
  <Folder Name="/Solution Items/docs/">
    <File Path="docs/architecture.md" />
    <File Path="docs/engineering.md" />
    <File Path="docs/overview.md" />
    <File Path="docs/technical.md" />
  </Folder>
  <Folder Name="/src/">
    <Project Path="src/OoBDev.PgPkg.Sdk/OoBDev.PgPkg.Sdk.csproj" />
    <Project Path="src/OoBDev.PgPkg.Tool/OoBDev.PgPkg.Tool.csproj" />
  </Folder>
  <Project Path="samples/MyApp.Data/SchemaScript/SchemaScript.csproj" />
  <Folder Name="/tests/">
    <Project Path="tests/OoBDev.PgPkg.Tool.Tests/OoBDev.PgPkg.Tool.Tests.csproj" />
  </Folder>
</Solution>
